
Microsoft Visual Studio Solution File, Format Version 12.00
# Visual Studio 15
VisualStudioVersion = 15.0.28307.757
MinimumVisualStudioVersion = 10.0.40219.1
Project("{FAE04EC0-301F-11D3-BF4B-00C04F79EFBC}") = "JuvekSoft", "JuvekSoft\JuvekSoft.csproj", "{2A85FFF7-6405-44CD-B13A-849EB3FEB755}"
EndProject
Global
	GlobalSection(SolutionConfigurationPlatforms) = preSolution
		Debug|Any CPU = Debug|Any CPU
		Release|Any CPU = Release|Any CPU
	EndGlobalSection
	GlobalSection(ProjectConfigurationPlatforms) = postSolution
		{2A85FFF7-6405-44CD-B13A-849EB3FEB755}.Debug|Any CPU.ActiveCfg = Debug|Any CPU
		{2A85FFF7-6405-44CD-B13A-849EB3FEB755}.Debug|Any CPU.Build.0 = Debug|Any CPU
		{2A85FFF7-6405-44CD-B13A-849EB3FEB755}.Release|Any CPU.ActiveCfg = Release|Any CPU
		{2A85FFF7-6405-44CD-B13A-849EB3FEB755}.Release|Any CPU.Build.0 = Release|Any CPU
	EndGlobalSection
	GlobalSection(SolutionProperties) = preSolution
		HideSolutionNode = FALSE
	EndGlobalSection
	GlobalSection(ExtensibilityGlobals) = postSolution
		SolutionGuid = {2016EBE5-5287-4DE4-8D31-E0E9ECD71E73}
	EndGlobalSection
EndGlobal
